
Microsoft Visual Studio Solution File, Format Version 12.00
# Visual Studio 15
VisualStudioVersion = 15.0.27703.2035
MinimumVisualStudioVersion = 10.0.40219.1
Project("{9A19103F-16F7-4668-BE54-9A1E7A4F7556}") = "Maptz.DependencyInjection.Base", "Maptz.DependencyInjection.Base\Maptz.DependencyInjection.Base.csproj", "{FAA20031-E601-4B64-8AFA-0B9AF1D9BC08}"
EndProject
Project("{9A19103F-16F7-4668-BE54-9A1E7A4F7556}") = "Maptz.DependencyInjection.Base.Tests", "Maptz.DependencyInjection.Base.Tests\Maptz.DependencyInjection.Base.Tests.csproj", "{D63F97D8-F0DE-4FCA-8D76-47F9B88C3A2C}"
EndProject
Global
	GlobalSection(SolutionConfigurationPlatforms) = preSolution
		Debug|Any CPU = Debug|Any CPU
		Release|Any CPU = Release|Any CPU
	EndGlobalSection
	GlobalSection(ProjectConfigurationPlatforms) = postSolution
		{FAA20031-E601-4B64-8AFA-0B9AF1D9BC08}.Debug|Any CPU.ActiveCfg = Debug|Any CPU
		{FAA20031-E601-4B64-8AFA-0B9AF1D9BC08}.Debug|Any CPU.Build.0 = Debug|Any CPU
		{FAA20031-E601-4B64-8AFA-0B9AF1D9BC08}.Release|Any CPU.ActiveCfg = Release|Any CPU
		{FAA20031-E601-4B64-8AFA-0B9AF1D9BC08}.Release|Any CPU.Build.0 = Release|Any CPU
		{D63F97D8-F0DE-4FCA-8D76-47F9B88C3A2C}.Debug|Any CPU.ActiveCfg = Debug|Any CPU
		{D63F97D8-F0DE-4FCA-8D76-47F9B88C3A2C}.Debug|Any CPU.Build.0 = Debug|Any CPU
		{D63F97D8-F0DE-4FCA-8D76-47F9B88C3A2C}.Release|Any CPU.ActiveCfg = Release|Any CPU
		{D63F97D8-F0DE-4FCA-8D76-47F9B88C3A2C}.Release|Any CPU.Build.0 = Release|Any CPU
	EndGlobalSection
	GlobalSection(SolutionProperties) = preSolution
		HideSolutionNode = FALSE
	EndGlobalSection
	GlobalSection(ExtensibilityGlobals) = postSolution
		SolutionGuid = {8E08C288-DADC-40A3-BFD4-D19678108A9A}
	EndGlobalSection
EndGlobal
